<?xml version="1.0" encoding="utf-8"?>
<Project ToolsVersion="4.0" xmlns="http://schemas.microsoft.com/developer/msbuild/2003">
  <ItemGroup>
    <Filter Include="Source Files">
      <UniqueIdentifier>{4FC737F1-C7A5-4376-A066-2A32D752A2FF}</UniqueIdentifier>
      <Extensions>cpp;c;cc;cxx;def;odl;idl;hpj;bat;asm;asmx</Extensions>
    </Filter>
    <Filter Include="Header Files">
      <UniqueIdentifier>{93995380-89BD-4b04-88EB-625FBE52EBFB}</UniqueIdentifier>
      <Extensions>h;hh;hpp;hxx;hm;inl;inc;xsd</Extensions>
    </Filter>
    <Filter Include="Resource Files">
      <UniqueIdentifier>{67DA6AB6-F800-4c08-8B7A-83BB121AAD01}</UniqueIdentifier>
      <Extensions>rc;ico;cur;bmp;dlg;rc2;rct;bin;rgs;gif;jpg;jpeg;jpe;resx;tiff;tif;png;wav;mfcribbon-ms</Extensions>
    </Filter>
    <Filter Include="Source Files\PWNIP">
      <UniqueIdentifier>{f9d6509f-9c87-4853-9d31-f50c6875f2b4}</UniqueIdentifier>
    </Filter>
    <Filter Include="Source Files\PWNIP\PWNGeneral">
      <UniqueIdentifier>{9a51fb55-11da-4c35-bec5-a80f36a31249}</UniqueIdentifier>
    </Filter>
    <Filter Include="Source Files\PWNIP\PWNOpenCvExt">
      <UniqueIdentifier>{9c21728c-e7c7-4df2-8a3b-17f5645e571c}</UniqueIdentifier>
    </Filter>
    <Filter Include="Source Files\UiElements">
      <UniqueIdentifier>{ca1cb58f-8fad-4668-8020-32ea00a2afa5}</UniqueIdentifier>
    </Filter>
    <Filter Include="Source Files\Canvas">
      <UniqueIdentifier>{7342898f-bc38-4f70-b910-f6647d023f1c}</UniqueIdentifier>
    </Filter>
    <Filter Include="Source Files\UiElements\video_stream">
      <UniqueIdentifier>{392895b6-0a3b-45c0-a2b2-089b92396caa}</UniqueIdentifier>
    </Filter>
    <Filter Include="Source Files\UiElements\image">
      <UniqueIdentifier>{6421846a-7d19-4ef9-a4d1-b535fe73fa84}</UniqueIdentifier>
    </Filter>
  </ItemGroup>
  <ItemGroup>
    <Text Include="ReadMe.txt" />
  </ItemGroup>
  <ItemGroup>
    <ClInclude Include="stdafx.h">
      <Filter>Header Files</Filter>
    </ClInclude>
    <ClInclude Include="targetver.h">
      <Filter>Header Files</Filter>
    </ClInclude>
    <ClInclude Include="..\..\..\..\IP\PWNGeneral\ArgParser.h">
      <Filter>Source Files\PWNIP\PWNGeneral</Filter>
    </ClInclude>
    <ClInclude Include="..\..\..\..\IP\PWNGeneral\pwnutil.h">
      <Filter>Source Files\PWNIP\PWNGeneral</Filter>
    </ClInclude>
    <ClInclude Include="..\..\..\..\IP\PWNGeneral\PWNExceptionBasic.h">
      <Filter>Source Files\PWNIP\PWNGeneral</Filter>
    </ClInclude>
    <ClInclude Include="..\..\..\..\IP\PWNOpenCvExt\cvmathdrawingnew.h">
      <Filter>Source Files\PWNIP\PWNOpenCvExt</Filter>
    </ClInclude>
    <ClInclude Include="..\..\..\..\IP\PWNOpenCvExt\cvdrawingcompat.h">
      <Filter>Source Files\PWNIP\PWNOpenCvExt</Filter>
    </ClInclude>
    <ClInclude Include="canvas.h">
      <Filter>Source Files\Canvas</Filter>
    </ClInclude>
    <ClInclude Include="ui_element.h">
      <Filter>Source Files\UiElements</Filter>
    </ClInclude>
    <ClInclude Include="video_stream.h">
      <Filter>Source Files\UiElements\video_stream</Filter>
    </ClInclude>
    <ClInclude Include="image.h">
      <Filter>Source Files\UiElements\image</Filter>
    </ClInclude>
  </ItemGroup>
  <ItemGroup>
    <ClCompile Include="stdafx.cpp">
      <Filter>Source Files</Filter>
    </ClCompile>
    <ClCompile Include="..\..\..\..\IP\PWNGeneral\ArgParser.cpp">
      <Filter>Source Files\PWNIP\PWNGeneral</Filter>
    </ClCompile>
    <ClCompile Include="..\..\..\..\IP\PWNGeneral\pwnutil.cpp">
      <Filter>Source Files\PWNIP\PWNGeneral</Filter>
    </ClCompile>
    <ClCompile Include="..\..\..\..\IP\PWNGeneral\PWNExceptionBasic.cpp">
      <Filter>Source Files\PWNIP\PWNGeneral</Filter>
    </ClCompile>
    <ClCompile Include="..\..\..\..\IP\PWNOpenCvExt\cvmathdrawingnew.cpp">
      <Filter>Source Files\PWNIP\PWNOpenCvExt</Filter>
    </ClCompile>
    <ClCompile Include="userregistration.cpp">
      <Filter>Source Files</Filter>
    </ClCompile>
    <ClCompile Include="canvas.cpp">
      <Filter>Source Files\Canvas</Filter>
    </ClCompile>
    <ClCompile Include="ui_element.cpp">
      <Filter>Source Files\UiElements</Filter>
    </ClCompile>
    <ClCompile Include="video_stream.cpp">
      <Filter>Source Files\UiElements\video_stream</Filter>
    </ClCompile>
    <ClCompile Include="image.cpp">
      <Filter>Source Files\UiElements\image</Filter>
    </ClCompile>
  </ItemGroup>
  <ItemGroup>
    <None Include="..\..\..\..\..\..\Users\Wgmlgz\Desktop\Novogodniy_dudos.avi">
      <Filter>Source Files\UiElements\video_stream</Filter>
    </None>
  </ItemGroup>
</Project>